
Microsoft Visual Studio Solution File, Format Version 12.00
# Visual Studio 15
Project("{FAE04EC0-301F-11D3-BF4B-00C04F79EFBC}") = "google_vr_for_unity", "google_vr_for_unity.csproj", "{326704C1-0C9F-09AE-4287-6AEA674C2763}"
EndProject
Project("{FAE04EC0-301F-11D3-BF4B-00C04F79EFBC}") = "google_vr_for_unity.Editor", "google_vr_for_unity.Editor.csproj", "{6E003FC1-D9EA-EC80-FFEB-7655F53F078E}"
EndProject
Global
	GlobalSection(SolutionConfigurationPlatforms) = preSolution
		Debug|Any CPU = Debug|Any CPU
		Release|Any CPU = Release|Any CPU
	EndGlobalSection
	GlobalSection(ProjectConfigurationPlatforms) = postSolution
		{326704C1-0C9F-09AE-4287-6AEA674C2763}.Debug|Any CPU.ActiveCfg = Debug|Any CPU
		{326704C1-0C9F-09AE-4287-6AEA674C2763}.Debug|Any CPU.Build.0 = Debug|Any CPU
		{326704C1-0C9F-09AE-4287-6AEA674C2763}.Release|Any CPU.ActiveCfg = Release|Any CPU
		{326704C1-0C9F-09AE-4287-6AEA674C2763}.Release|Any CPU.Build.0 = Release|Any CPU
		{6E003FC1-D9EA-EC80-FFEB-7655F53F078E}.Debug|Any CPU.ActiveCfg = Debug|Any CPU
		{6E003FC1-D9EA-EC80-FFEB-7655F53F078E}.Debug|Any CPU.Build.0 = Debug|Any CPU
		{6E003FC1-D9EA-EC80-FFEB-7655F53F078E}.Release|Any CPU.ActiveCfg = Release|Any CPU
		{6E003FC1-D9EA-EC80-FFEB-7655F53F078E}.Release|Any CPU.Build.0 = Release|Any CPU
	EndGlobalSection
	GlobalSection(SolutionProperties) = preSolution
		HideSolutionNode = FALSE
	EndGlobalSection
EndGlobal
